
Microsoft Visual Studio Solution File, Format Version 12.00
# Visual Studio Version 17
VisualStudioVersion = 17.10.34928.147
MinimumVisualStudioVersion = 10.0.40219.1
Project("{9A19103F-16F7-4668-BE54-9A1E7A4F7556}") = "Synapse.OrdersExample", "Synapse.OrdersExample\Synapse.OrdersExample.csproj", "{F4E6DA99-A880-4F39-AFCB-F761E7D12075}"
EndProject
Project("{FAE04EC0-301F-11D3-BF4B-00C04F79EFBC}") = "Synapse.OrdersExample.UnitTests", "Synapse.OrdersExample.UnitTests\Synapse.OrdersExample.UnitTests.csproj", "{6F87FD41-71D4-49BD-9E15-AA5B950A6159}"
EndProject
Global
	GlobalSection(SolutionConfigurationPlatforms) = preSolution
		Debug|Any CPU = Debug|Any CPU
		Release|Any CPU = Release|Any CPU
	EndGlobalSection
	GlobalSection(ProjectConfigurationPlatforms) = postSolution
		{F4E6DA99-A880-4F39-AFCB-F761E7D12075}.Debug|Any CPU.ActiveCfg = Debug|Any CPU
		{F4E6DA99-A880-4F39-AFCB-F761E7D12075}.Debug|Any CPU.Build.0 = Debug|Any CPU
		{F4E6DA99-A880-4F39-AFCB-F761E7D12075}.Release|Any CPU.ActiveCfg = Release|Any CPU
		{F4E6DA99-A880-4F39-AFCB-F761E7D12075}.Release|Any CPU.Build.0 = Release|Any CPU
		{6F87FD41-71D4-49BD-9E15-AA5B950A6159}.Debug|Any CPU.ActiveCfg = Debug|Any CPU
		{6F87FD41-71D4-49BD-9E15-AA5B950A6159}.Debug|Any CPU.Build.0 = Debug|Any CPU
		{6F87FD41-71D4-49BD-9E15-AA5B950A6159}.Release|Any CPU.ActiveCfg = Release|Any CPU
		{6F87FD41-71D4-49BD-9E15-AA5B950A6159}.Release|Any CPU.Build.0 = Release|Any CPU
	EndGlobalSection
	GlobalSection(SolutionProperties) = preSolution
		HideSolutionNode = FALSE
	EndGlobalSection
	GlobalSection(ExtensibilityGlobals) = postSolution
		SolutionGuid = {A29DA982-6D97-4B10-8751-97A17EE3301E}
	EndGlobalSection
EndGlobal
